<?xml version="1.0" encoding="utf-8"?>
<Project ToolsVersion="4.0" xmlns="http://schemas.microsoft.com/developer/msbuild/2003">
  <ItemGroup>
    <ClInclude Include="StudyGameCore.h" />
    <ClInclude Include="ContentsEnums.h" />
    <ClInclude Include="TitleLevel.h">
      <Filter>Title</Filter>
    </ClInclude>
    <ClInclude Include="TitleBack.h">
      <Filter>Title</Filter>
    </ClInclude>
    <ClInclude Include="MouseObject.h">
      <Filter>Global</Filter>
    </ClInclude>
    <ClInclude Include="Structs.h">
      <Filter>Global</Filter>
    </ClInclude>
    <ClInclude Include="STLevel.h">
      <Filter>Global</Filter>
    </ClInclude>
    <ClInclude Include="ContentsValue.h">
      <Filter>Global</Filter>
    </ClInclude>
    <ClInclude Include="TutorialLevel.h">
      <Filter>Play\Tutorial</Filter>
    </ClInclude>
    <ClInclude Include="TutorialMap.h">
      <Filter>Play\Tutorial</Filter>
    </ClInclude>
    <ClInclude Include="Monster.h">
      <Filter>GlobalActors\Monster</Filter>
    </ClInclude>
    <ClInclude Include="Player.h">
      <Filter>GlobalActors\Player</Filter>
    </ClInclude>
    <ClInclude Include="Wall.h">
      <Filter>GlobalActors\Wall</Filter>
    </ClInclude>
    <ClInclude Include="Door.h">
      <Filter>GlobalActors\Object</Filter>
    </ClInclude>
    <ClInclude Include="Scroll.h">
      <Filter>GlobalActors\Object</Filter>
    </ClInclude>
    <ClInclude Include="Tutorial2Level.h">
      <Filter>Play\Tutorial2</Filter>
    </ClInclude>
    <ClInclude Include="Tutorial2Map.h">
      <Filter>Play\Tutorial2</Filter>
    </ClInclude>
    <ClInclude Include="Stage1_1Level.h">
      <Filter>Play\Stage1\Stage1_1</Filter>
    </ClInclude>
    <ClInclude Include="Stage1_1Map.h">
      <Filter>Play\Stage1\Stage1_1</Filter>
    </ClInclude>
    <ClInclude Include="Bullet.h">
      <Filter>GlobalActors\Player</Filter>
    </ClInclude>
    <ClInclude Include="Cannon.h">
      <Filter>GlobalActors\Cannon</Filter>
    </ClInclude>
    <ClInclude Include="CannonBullet.h">
      <Filter>GlobalActors\Cannon</Filter>
    </ClInclude>
    <ClInclude Include="Stage1_2Level.h">
      <Filter>Play\Stage1\Stage1_2</Filter>
    </ClInclude>
    <ClInclude Include="Stage1_2Map.h">
      <Filter>Play\Stage1\Stage1_2</Filter>
    </ClInclude>
    <ClInclude Include="Stage1_3Level.h">
      <Filter>Play\Stage1\Stage1_3</Filter>
    </ClInclude>
    <ClInclude Include="Stage1_3Map.h">
      <Filter>Play\Stage1\Stage1_3</Filter>
    </ClInclude>
    <ClInclude Include="Key.h">
      <Filter>GlobalActors\Object</Filter>
    </ClInclude>
    <ClInclude Include="Stage1_BossLevel.h">
      <Filter>Play\Stage1\Stage1_Boss</Filter>
    </ClInclude>
    <ClInclude Include="Stage1_BossMap.h">
      <Filter>Play\Stage1\Stage1_Boss</Filter>
    </ClInclude>
    <ClInclude Include="BossMonster.h">
      <Filter>GlobalActors\Monster</Filter>
    </ClInclude>
    <ClInclude Include="Thorn.h">
      <Filter>GlobalActors\Thorn</Filter>
    </ClInclude>
    <ClInclude Include="Wall2.h">
      <Filter>GlobalActors\Wall</Filter>
    </ClInclude>
    <ClInclude Include="Stage2_1Level.h">
      <Filter>Play\Stage2\Stage2_1</Filter>
    </ClInclude>
    <ClInclude Include="Stage2_1Map.h">
      <Filter>Play\Stage2\Stage2_1</Filter>
    </ClInclude>
    <ClInclude Include="Stage2_2Map.h">
      <Filter>Play\Stage2\Stage2_2</Filter>
    </ClInclude>
    <ClInclude Include="Stage2_2Level.h">
      <Filter>Play\Stage2\Stage2_2</Filter>
    </ClInclude>
    <ClInclude Include="Stage2_3Map.h">
      <Filter>Play\Stage2\Stage2_3</Filter>
    </ClInclude>
    <ClInclude Include="Stage2_3Level.h">
      <Filter>Play\Stage2\Stage2_3</Filter>
    </ClInclude>
    <ClInclude Include="Stage2_BossMap.h">
      <Filter>Play\Stage2\Stage2_Boss</Filter>
    </ClInclude>
    <ClInclude Include="Stage2_BossLevel.h">
      <Filter>Play\Stage2\Stage2_Boss</Filter>
    </ClInclude>
  </ItemGroup>
  <ItemGroup>
    <ClCompile Include="StudyGameCore.cpp" />
    <ClCompile Include="TitleLevel.cpp">
      <Filter>Title</Filter>
    </ClCompile>
    <ClCompile Include="TitleBack.cpp">
      <Filter>Title</Filter>
    </ClCompile>
    <ClCompile Include="MouseObject.cpp">
      <Filter>Global</Filter>
    </ClCompile>
    <ClCompile Include="Structs.cpp">
      <Filter>Global</Filter>
    </ClCompile>
    <ClCompile Include="STLevel.cpp">
      <Filter>Global</Filter>
    </ClCompile>
    <ClCompile Include="ContentsValue.cpp">
      <Filter>Global</Filter>
    </ClCompile>
    <ClCompile Include="TutorialLevel.cpp">
      <Filter>Play\Tutorial</Filter>
    </ClCompile>
    <ClCompile Include="TutorialMap.cpp">
      <Filter>Play\Tutorial</Filter>
    </ClCompile>
    <ClCompile Include="Player.cpp">
      <Filter>GlobalActors\Player</Filter>
    </ClCompile>
    <ClCompile Include="Player_State.cpp">
      <Filter>GlobalActors\Player</Filter>
    </ClCompile>
    <ClCompile Include="Wall.cpp">
      <Filter>GlobalActors\Wall</Filter>
    </ClCompile>
    <ClCompile Include="Door.cpp">
      <Filter>GlobalActors\Object</Filter>
    </ClCompile>
    <ClCompile Include="Scroll.cpp">
      <Filter>GlobalActors\Object</Filter>
    </ClCompile>
    <ClCompile Include="Tutorial2Level.cpp">
      <Filter>Play\Tutorial2</Filter>
    </ClCompile>
    <ClCompile Include="Tutorial2Map.cpp">
      <Filter>Play\Tutorial2</Filter>
    </ClCompile>
    <ClCompile Include="Stage1_1Level.cpp">
      <Filter>Play\Stage1\Stage1_1</Filter>
    </ClCompile>
    <ClCompile Include="Stage1_1Map.cpp">
      <Filter>Play\Stage1\Stage1_1</Filter>
    </ClCompile>
    <ClCompile Include="Bullet.cpp">
      <Filter>GlobalActors\Player</Filter>
    </ClCompile>
    <ClCompile Include="Monster.cpp">
      <Filter>GlobalActors\Monster</Filter>
    </ClCompile>
    <ClCompile Include="Cannon.cpp">
      <Filter>GlobalActors\Cannon</Filter>
    </ClCompile>
    <ClCompile Include="CannonBullet.cpp">
      <Filter>GlobalActors\Cannon</Filter>
    </ClCompile>
    <ClCompile Include="Stage1_2Level.cpp">
      <Filter>Play\Stage1\Stage1_2</Filter>
    </ClCompile>
    <ClCompile Include="Stage1_2Map.cpp">
      <Filter>Play\Stage1\Stage1_2</Filter>
    </ClCompile>
    <ClCompile Include="Stage1_3Level.cpp">
      <Filter>Play\Stage1\Stage1_3</Filter>
    </ClCompile>
    <ClCompile Include="Stage1_3Map.cpp">
      <Filter>Play\Stage1\Stage1_3</Filter>
    </ClCompile>
    <ClCompile Include="Key.cpp">
      <Filter>GlobalActors\Object</Filter>
    </ClCompile>
    <ClCompile Include="Stage1_BossLevel.cpp">
      <Filter>Play\Stage1\Stage1_Boss</Filter>
    </ClCompile>
    <ClCompile Include="Stage1_BossMap.cpp">
      <Filter>Play\Stage1\Stage1_Boss</Filter>
    </ClCompile>
    <ClCompile Include="BossMonster.cpp">
      <Filter>GlobalActors\Monster</Filter>
    </ClCompile>
    <ClCompile Include="Thorn.cpp">
      <Filter>GlobalActors\Thorn</Filter>
    </ClCompile>
    <ClCompile Include="Wall2.cpp">
      <Filter>GlobalActors\Wall</Filter>
    </ClCompile>
    <ClCompile Include="Stage2_1Level.cpp">
      <Filter>Play\Stage2\Stage2_1</Filter>
    </ClCompile>
    <ClCompile Include="Stage2_1Map.cpp">
      <Filter>Play\Stage2\Stage2_1</Filter>
    </ClCompile>
    <ClCompile Include="Stage2_2Map.cpp">
      <Filter>Play\Stage2\Stage2_2</Filter>
    </ClCompile>
    <ClCompile Include="Stage2_2Level.cpp">
      <Filter>Play\Stage2\Stage2_2</Filter>
    </ClCompile>
    <ClCompile Include="Stage2_3Map.cpp">
      <Filter>Play\Stage2\Stage2_3</Filter>
    </ClCompile>
    <ClCompile Include="Stage2_3Level.cpp">
      <Filter>Play\Stage2\Stage2_3</Filter>
    </ClCompile>
    <ClCompile Include="Stage2_BossMap.cpp">
      <Filter>Play\Stage2\Stage2_Boss</Filter>
    </ClCompile>
    <ClCompile Include="Stage2_BossLevel.cpp">
      <Filter>Play\Stage2\Stage2_Boss</Filter>
    </ClCompile>
  </ItemGroup>
  <ItemGroup>
    <Filter Include="Play">
      <UniqueIdentifier>{dbe06dfd-001e-4f83-800b-981e80d33e75}</UniqueIdentifier>
    </Filter>
    <Filter Include="Title">
      <UniqueIdentifier>{e319163e-7f2f-4f80-b187-882031d15de9}</UniqueIdentifier>
    </Filter>
    <Filter Include="Global">
      <UniqueIdentifier>{9c0d32d6-1c65-4d26-b67f-25da7c7391d3}</UniqueIdentifier>
    </Filter>
    <Filter Include="Play\Tutorial">
      <UniqueIdentifier>{1cf26b95-e92b-424f-bebf-4610327018ea}</UniqueIdentifier>
    </Filter>
    <Filter Include="GlobalActors">
      <UniqueIdentifier>{73ad97ed-6132-495b-bacc-063174fbcc12}</UniqueIdentifier>
    </Filter>
    <Filter Include="GlobalActors\Monster">
      <UniqueIdentifier>{455b66e6-6054-415b-a301-3865c22eae2d}</UniqueIdentifier>
    </Filter>
    <Filter Include="GlobalActors\Player">
      <UniqueIdentifier>{29cd20ce-9f50-4682-b89a-724333df81c5}</UniqueIdentifier>
    </Filter>
    <Filter Include="GlobalActors\Object">
      <UniqueIdentifier>{ceafecf6-4884-496a-8cec-b3cbecd83189}</UniqueIdentifier>
    </Filter>
    <Filter Include="Play\Tutorial2">
      <UniqueIdentifier>{fd53037e-17c3-4016-9fc8-c81b2ae91ec6}</UniqueIdentifier>
    </Filter>
    <Filter Include="Play\Stage1">
      <UniqueIdentifier>{424c8746-eb2d-4bf2-919c-6caa4007fdc5}</UniqueIdentifier>
    </Filter>
    <Filter Include="Play\Stage1\Stage1_1">
      <UniqueIdentifier>{6feb8f2d-6703-4bee-b437-21abb0b3b730}</UniqueIdentifier>
    </Filter>
    <Filter Include="GlobalActors\Cannon">
      <UniqueIdentifier>{3a0b3d1e-dc21-4a85-92ee-8ebd5ede1732}</UniqueIdentifier>
    </Filter>
    <Filter Include="GlobalActors\Wall">
      <UniqueIdentifier>{b1f35f6e-da1b-4101-83e5-27d0011e2fb8}</UniqueIdentifier>
    </Filter>
    <Filter Include="Play\Stage1\Stage1_2">
      <UniqueIdentifier>{217cfa76-fb1d-494a-8c56-27e68a3f4536}</UniqueIdentifier>
    </Filter>
    <Filter Include="Play\Stage1\Stage1_3">
      <UniqueIdentifier>{e5f2aaea-13f3-4d6e-8a8b-87440537936d}</UniqueIdentifier>
    </Filter>
    <Filter Include="Play\Stage1\Stage1_Boss">
      <UniqueIdentifier>{cae2dcba-0f4e-461a-b125-b21b7f593c6f}</UniqueIdentifier>
    </Filter>
    <Filter Include="Play\Stage2">
      <UniqueIdentifier>{c5ae5a25-4042-4992-80f0-482645b17ce9}</UniqueIdentifier>
    </Filter>
    <Filter Include="GlobalActors\Thorn">
      <UniqueIdentifier>{0d3efb0f-7511-4b78-9518-5c6e77ece19b}</UniqueIdentifier>
    </Filter>
    <Filter Include="Play\Stage2\Stage2_1">
      <UniqueIdentifier>{d41f68ef-313e-4de7-acbf-dfa3b955532f}</UniqueIdentifier>
    </Filter>
    <Filter Include="Play\Stage2\Stage2_2">
      <UniqueIdentifier>{f1ad5fee-2ecb-4fe7-9620-57832d519051}</UniqueIdentifier>
    </Filter>
    <Filter Include="Play\Stage2\Stage2_3">
      <UniqueIdentifier>{132b6306-1b35-4a31-b77a-4aee3817a23e}</UniqueIdentifier>
    </Filter>
    <Filter Include="Play\Stage2\Stage2_Boss">
      <UniqueIdentifier>{8be54d26-c17f-44e3-a15e-e9d252e1d02b}</UniqueIdentifier>
    </Filter>
  </ItemGroup>
</Project>